
Microsoft Visual Studio Solution File, Format Version 12.00
# Visual Studio Version 17
VisualStudioVersion = 17.11.35222.181
MinimumVisualStudioVersion = 10.0.40219.1
Project("{FAE04EC0-301F-11D3-BF4B-00C04F79EFBC}") = "FrmReadingFiles", "FrmReadingFiles.csproj", "{39D26A9D-8B13-4D12-9753-120EBEB65DAB}"
EndProject
Global
	GlobalSection(SolutionConfigurationPlatforms) = preSolution
		Debug|Any CPU = Debug|Any CPU
		Release|Any CPU = Release|Any CPU
	EndGlobalSection
	GlobalSection(ProjectConfigurationPlatforms) = postSolution
		{39D26A9D-8B13-4D12-9753-120EBEB65DAB}.Debug|Any CPU.ActiveCfg = Debug|Any CPU
		{39D26A9D-8B13-4D12-9753-120EBEB65DAB}.Debug|Any CPU.Build.0 = Debug|Any CPU
		{39D26A9D-8B13-4D12-9753-120EBEB65DAB}.Release|Any CPU.ActiveCfg = Release|Any CPU
		{39D26A9D-8B13-4D12-9753-120EBEB65DAB}.Release|Any CPU.Build.0 = Release|Any CPU
	EndGlobalSection
	GlobalSection(SolutionProperties) = preSolution
		HideSolutionNode = FALSE
	EndGlobalSection
	GlobalSection(ExtensibilityGlobals) = postSolution
		SolutionGuid = {82C2729B-8AC4-4028-A891-04B4C9781424}
	EndGlobalSection
EndGlobal
