
Microsoft Visual Studio Solution File, Format Version 12.00
# Visual Studio Version 17
VisualStudioVersion = 17.11.35222.181
MinimumVisualStudioVersion = 10.0.40219.1
Project("{FAE04EC0-301F-11D3-BF4B-00C04F79EFBC}") = "BasicComputation", "BasicComputation.csproj", "{ED8FC6F2-5BE0-4D3E-81FD-CC1844B55441}"
EndProject
Global
	GlobalSection(SolutionConfigurationPlatforms) = preSolution
		Debug|Any CPU = Debug|Any CPU
		Release|Any CPU = Release|Any CPU
	EndGlobalSection
	GlobalSection(ProjectConfigurationPlatforms) = postSolution
		{ED8FC6F2-5BE0-4D3E-81FD-CC1844B55441}.Debug|Any CPU.ActiveCfg = Debug|Any CPU
		{ED8FC6F2-5BE0-4D3E-81FD-CC1844B55441}.Debug|Any CPU.Build.0 = Debug|Any CPU
		{ED8FC6F2-5BE0-4D3E-81FD-CC1844B55441}.Release|Any CPU.ActiveCfg = Release|Any CPU
		{ED8FC6F2-5BE0-4D3E-81FD-CC1844B55441}.Release|Any CPU.Build.0 = Release|Any CPU
	EndGlobalSection
	GlobalSection(SolutionProperties) = preSolution
		HideSolutionNode = FALSE
	EndGlobalSection
	GlobalSection(ExtensibilityGlobals) = postSolution
		SolutionGuid = {F5C47BBB-8571-43DC-8294-E03DCAB75D4B}
	EndGlobalSection
EndGlobal
